
Microsoft Visual Studio Solution File, Format Version 12.00
# Visual Studio Version 17
VisualStudioVersion = 17.10.34916.146
MinimumVisualStudioVersion = 10.0.40219.1
Project("{FAE04EC0-301F-11D3-BF4B-00C04F79EFBC}") = "ScadaCore", "ScadaCore\ScadaCore.csproj", "{4A1C93D7-4E89-43B0-BA25-C1FE89178558}"
EndProject
Project("{FAE04EC0-301F-11D3-BF4B-00C04F79EFBC}") = "Common", "Common\Common.csproj", "{F3603B0F-C7FA-47D3-8C35-F79AD4008294}"
EndProject
Project("{FAE04EC0-301F-11D3-BF4B-00C04F79EFBC}") = "DatabaseManager", "DatabaseManager\DatabaseManager.csproj", "{6282424F-701B-47B2-A03C-57882BE5BFCD}"
EndProject
Project("{FAE04EC0-301F-11D3-BF4B-00C04F79EFBC}") = "AlarmDisplay", "AlarmDisplay\AlarmDisplay.csproj", "{BBD1E5FA-725A-460C-8F11-075C518D772F}"
EndProject
Project("{FAE04EC0-301F-11D3-BF4B-00C04F79EFBC}") = "Trending", "Trending\Trending.csproj", "{3E640DDF-5F62-4CA8-B1DF-ECC74F6805A4}"
EndProject
Global
	GlobalSection(SolutionConfigurationPlatforms) = preSolution
		Debug|Any CPU = Debug|Any CPU
		Release|Any CPU = Release|Any CPU
	EndGlobalSection
	GlobalSection(ProjectConfigurationPlatforms) = postSolution
		{4A1C93D7-4E89-43B0-BA25-C1FE89178558}.Debug|Any CPU.ActiveCfg = Debug|Any CPU
		{4A1C93D7-4E89-43B0-BA25-C1FE89178558}.Debug|Any CPU.Build.0 = Debug|Any CPU
		{4A1C93D7-4E89-43B0-BA25-C1FE89178558}.Release|Any CPU.ActiveCfg = Release|Any CPU
		{4A1C93D7-4E89-43B0-BA25-C1FE89178558}.Release|Any CPU.Build.0 = Release|Any CPU
		{F3603B0F-C7FA-47D3-8C35-F79AD4008294}.Debug|Any CPU.ActiveCfg = Debug|Any CPU
		{F3603B0F-C7FA-47D3-8C35-F79AD4008294}.Debug|Any CPU.Build.0 = Debug|Any CPU
		{F3603B0F-C7FA-47D3-8C35-F79AD4008294}.Release|Any CPU.ActiveCfg = Release|Any CPU
		{F3603B0F-C7FA-47D3-8C35-F79AD4008294}.Release|Any CPU.Build.0 = Release|Any CPU
		{6282424F-701B-47B2-A03C-57882BE5BFCD}.Debug|Any CPU.ActiveCfg = Debug|Any CPU
		{6282424F-701B-47B2-A03C-57882BE5BFCD}.Debug|Any CPU.Build.0 = Debug|Any CPU
		{6282424F-701B-47B2-A03C-57882BE5BFCD}.Release|Any CPU.ActiveCfg = Release|Any CPU
		{6282424F-701B-47B2-A03C-57882BE5BFCD}.Release|Any CPU.Build.0 = Release|Any CPU
		{BBD1E5FA-725A-460C-8F11-075C518D772F}.Debug|Any CPU.ActiveCfg = Debug|Any CPU
		{BBD1E5FA-725A-460C-8F11-075C518D772F}.Debug|Any CPU.Build.0 = Debug|Any CPU
		{BBD1E5FA-725A-460C-8F11-075C518D772F}.Release|Any CPU.ActiveCfg = Release|Any CPU
		{BBD1E5FA-725A-460C-8F11-075C518D772F}.Release|Any CPU.Build.0 = Release|Any CPU
		{3E640DDF-5F62-4CA8-B1DF-ECC74F6805A4}.Debug|Any CPU.ActiveCfg = Debug|Any CPU
		{3E640DDF-5F62-4CA8-B1DF-ECC74F6805A4}.Debug|Any CPU.Build.0 = Debug|Any CPU
		{3E640DDF-5F62-4CA8-B1DF-ECC74F6805A4}.Release|Any CPU.ActiveCfg = Release|Any CPU
		{3E640DDF-5F62-4CA8-B1DF-ECC74F6805A4}.Release|Any CPU.Build.0 = Release|Any CPU
	EndGlobalSection
	GlobalSection(SolutionProperties) = preSolution
		HideSolutionNode = FALSE
	EndGlobalSection
	GlobalSection(ExtensibilityGlobals) = postSolution
		SolutionGuid = {2EB8407A-8FC0-4681-9BDA-FA49C7D90442}
	EndGlobalSection
EndGlobal
